<?xml version="1.0" encoding="utf-8"?>
<Project ToolsVersion="4.0" xmlns="http://schemas.microsoft.com/developer/msbuild/2003">
  <ItemGroup>
    <Filter Include="src">
      <UniqueIdentifier>{66cf0df0-2e1d-4261-a6e6-9f684caf0b47}</UniqueIdentifier>
    </Filter>
    <Filter Include="gl3w">
      <UniqueIdentifier>{82b92066-a007-4dd5-9105-86f3d0487e86}</UniqueIdentifier>
    </Filter>
    <Filter Include="imgui">
      <UniqueIdentifier>{7aefa512-4566-4f76-a53c-a44df351c0c6}</UniqueIdentifier>
    </Filter>
  </ItemGroup>
  <ItemGroup>
    <ClCompile Include="..\Dependencies\include\ImGui\imgui_impl_glfw_gl3.cpp">
      <Filter>src</Filter>
    </ClCompile>
    <ClCompile Include="..\src\studio\main.cpp">
      <Filter>src</Filter>
    </ClCompile>
    <ClCompile Include="..\Dependencies\include\GL\gl3w.c">
      <Filter>gl3w</Filter>
    </ClCompile>
    <ClCompile Include="..\Dependencies\include\ImGui\imgui.cpp">
      <Filter>imgui</Filter>
    </ClCompile>
    <ClCompile Include="..\Dependencies\include\ImGui\imgui_demo.cpp">
      <Filter>imgui</Filter>
    </ClCompile>
    <ClCompile Include="..\Dependencies\include\ImGui\imgui_draw.cpp">
      <Filter>imgui</Filter>
    </ClCompile>
  </ItemGroup>
  <ItemGroup>
    <ClInclude Include="..\Dependencies\include\ImGui\imgui_impl_glfw_gl3.h">
      <Filter>src</Filter>
    </ClInclude>
    <ClInclude Include="..\Dependencies\include\GL\gl3w.h">
      <Filter>gl3w</Filter>
    </ClInclude>
    <ClInclude Include="..\Dependencies\include\GL\glcorearb.h">
      <Filter>gl3w</Filter>
    </ClInclude>
    <ClInclude Include="..\Dependencies\include\ImGui\imconfig.h">
      <Filter>imgui</Filter>
    </ClInclude>
    <ClInclude Include="..\Dependencies\include\ImGui\imgui.h">
      <Filter>imgui</Filter>
    </ClInclude>
    <ClInclude Include="..\Dependencies\include\ImGui\imgui_internal.h">
      <Filter>imgui</Filter>
    </ClInclude>
  </ItemGroup>
</Project>